// !$*UTF8*$!
{
	archiveVersion = 1;
	classes = {
	};
	objectVersion = 48;
	objects = {

/* Begin PBXBuildFile section */
		D968CED920031B420091A56A /* AppDelegate.swift in Sources */ = {isa = PBXBuildFile; fileRef = D968CED820031B420091A56A /* AppDelegate.swift */; };
		D968CEDB20031B420091A56A /* ViewController.swift in Sources */ = {isa = PBXBuildFile; fileRef = D968CEDA20031B420091A56A /* ViewController.swift */; };
		D968CEDE20031B420091A56A /* Main.storyboard in Resources */ = {isa = PBXBuildFile; fileRef = D968CEDC20031B420091A56A /* Main.storyboard */; };
		D968CEE020031B420091A56A /* Assets.xcassets in Resources */ = {isa = PBXBuildFile; fileRef = D968CEDF20031B420091A56A /* Assets.xcassets */; };
		D968CEE320031B420091A56A /* LaunchScreen.storyboard in Resources */ = {isa = PBXBuildFile; fileRef = D968CEE120031B420091A56A /* LaunchScreen.storyboard */; };
		D968CEEB20031B5D0091A56A /* HSFMacroTool.swift in Sources */ = {isa = PBXBuildFile; fileRef = D968CEEA20031B5D0091A56A /* HSFMacroTool.swift */; };
/* End PBXBuildFile section */

/* Begin PBXFileReference section */
		D968CED520031B420091A56A /* HSFMacroTool.app */ = {isa = PBXFileReference; explicitFileType = wrapper.application; includeInIndex = 0; path = HSFMacroTool.app; sourceTree = BUILT_PRODUCTS_DIR; };
		D968CED820031B420091A56A /* AppDelegate.swift */ = {isa = PBXFileReference; lastKnownFileType = sourcecode.swift; path = AppDelegate.swift; sourceTree = "<group>"; };
		D968CEDA20031B420091A56A /* ViewController.swift */ = {isa = PBXFileReference; lastKnownFileType = sourcecode.swift; path = ViewController.swift; sourceTree = "<group>"; };
		D968CEDD20031B420091A56A /* Base */ = {isa = PBXFileReference; lastKnownFileType = file.storyboard; name = Base; path = Base.lproj/Main.storyboard; sourceTree = "<group>"; };
		D968CEDF20031B420091A56A /* Assets.xcassets */ = {isa = PBXFileReference; lastKnownFileType = folder.assetcatalog; path = Assets.xcassets; sourceTree = "<group>"; };
		D968CEE220031B420091A56A /* Base */ = {isa = PBXFileReference; lastKnownFileType = file.storyboard; name = Base; path = Base.lproj/LaunchScreen.storyboard; sourceTree = "<group>"; };
		D968CEE420031B420091A56A /* Info.plist */ = {isa = PBXFileReference; lastKnownFileType = text.plist.xml; path = Info.plist; sourceTree = "<group>"; };
		D968CEEA20031B5D0091A56A /* HSFMacroTool.swift */ = {isa = PBXFileReference; fileEncoding = 4; lastKnownFileType = sourcecode.swift; path = HSFMacroTool.swift; sourceTree = "<group>"; };
/* End PBXFileReference section */

/* Begin PBXFrameworksBuildPhase section */
		D968CED220031B420091A56A /* Frameworks */ = {
			isa = PBXFrameworksBuildPhase;
			buildActionMask = 2147483647;
			files = (
			);
			runOnlyForDeploymentPostprocessing = 0;
		};
/* End PBXFrameworksBuildPhase section */

/* Begin PBXGroup section */
		D968CECC20031B420091A56A = {
			isa = PBXGroup;
			children = (
				D968CED720031B420091A56A /* HSFMacroTool */,
				D968CED620031B420091A56A /* Products */,
			);
			sourceTree = "<group>";
		};
		D968CED620031B420091A56A /* Products */ = {
			isa = PBXGroup;
			children = (
				D968CED520031B420091A56A /* HSFMacroTool.app */,
			);
			name = Products;
			sourceTree = "<group>";
		};
		D968CED720031B420091A56A /* HSFMacroTool */ = {
			isa = PBXGroup;
			children = (
				D968CEEA20031B5D0091A56A /* HSFMacroTool.swift */,
				D968CED820031B420091A56A /* AppDelegate.swift */,
				D968CEDA20031B420091A56A /* ViewController.swift */,
				D968CEDC20031B420091A56A /* Main.storyboard */,
				D968CEDF20031B420091A56A /* Assets.xcassets */,
				D968CEE120031B420091A56A /* LaunchScreen.storyboard */,
				D968CEE420031B420091A56A /* Info.plist */,
			);
			path = HSFMacroTool;
			sourceTree = "<group>";
		};
/* End PBXGroup section */

/* Begin PBXNativeTarget section */
		D968CED420031B420091A56A /* HSFMacroTool */ = {
			isa = PBXNativeTarget;
			buildConfigurationList = D968CEE720031B420091A56A /* Build configuration list for PBXNativeTarget "HSFMacroTool" */;
			buildPhases = (
				D968CED120031B420091A56A /* Sources */,
				D968CED220031B420091A56A /* Frameworks */,
				D968CED320031B420091A56A /* Resources */,
			);
			buildRules = (
			);
			dependencies = (
			);
			name = HSFMacroTool;
			productName = HSFMacroTool;
			productReference = D968CED520031B420091A56A /* HSFMacroTool.app */;
			productType = "com.apple.product-type.application";
		};
/* End PBXNativeTarget section */

/* Begin PBXProject section */
		D968CECD20031B420091A56A /* Project object */ = {
			isa = PBXProject;
			attributes = {
				LastSwiftUpdateCheck = 0920;
				LastUpgradeCheck = 0920;
				ORGANIZATIONNAME = "胡双飞";
				TargetAttributes = {
					D968CED420031B420091A56A = {
						CreatedOnToolsVersion = 9.2;
						ProvisioningStyle = Automatic;
					};
				};
			};
			buildConfigurationList = D968CED020031B420091A56A /* Build configuration list for PBXProject "HSFMacroTool" */;
			compatibilityVersion = "Xcode 8.0";
			developmentRegion = en;
			hasScannedForEncodings = 0;
			knownRegions = (
				en,
				Base,
			);
			mainGroup = D968CECC20031B420091A56A;
			productRefGroup = D968CED620031B420091A56A /* Products */;
			projectDirPath = "";
			projectRoot = "";
			targets = (
				D968CED420031B420091A56A /* HSFMacroTool */,
			);
		};
/* End PBXProject section */

/* Begin PBXResourcesBuildPhase section */
		D968CED320031B420091A56A /* Resources */ = {
			isa = PBXResourcesBuildPhase;
			buildActionMask = 2147483647;
			files = (
				D968CEE320031B420091A56A /* LaunchScreen.storyboard in Resources */,
				D968CEE020031B420091A56A /* Assets.xcassets in Resources */,
				D968CEDE20031B420091A56A /* Main.storyboard in Resources */,
			);
			runOnlyForDeploymentPostprocessing = 0;
		};
/* End PBXResourcesBuildPhase section */

/* Begin PBXSourcesBuildPhase section */
		D968CED120031B420091A56A /* Sources */ = {
			isa = PBXSourcesBuildPhase;
			buildActionMask = 2147483647;
			files = (
				D968CEDB20031B420091A56A /* ViewController.swift in Sources */,
				D968CED920031B420091A56A /* AppDelegate.swift in Sources */,
				D968CEEB20031B5D0091A56A /* HSFMacroTool.swift in Sources */,
			);
			runOnlyForDeploymentPostprocessing = 0;
		};
/* End PBXSourcesBuildPhase section */

/* Begin PBXVariantGroup section */
		D968CEDC20031B420091A56A /* Main.storyboard */ = {
			isa = PBXVariantGroup;
			children = (
				D968CEDD20031B420091A56A /* Base */,
			);
			name = Main.storyboard;
			sourceTree = "<group>";
		};
		D968CEE120031B420091A56A /* LaunchScreen.storyboard */ = {
			isa = PBXVariantGroup;
			children = (
				D968CEE220031B420091A56A /* Base */,
			);
			name = LaunchScreen.storyboard;
			sourceTree = "<group>";
		};
/* End PBXVariantGroup section */

/* Begin XCBuildConfiguration section */
		D968CEE520031B420091A56A /* Debug */ = {
			isa = XCBuildConfiguration;
			buildSettings = {
				ALWAYS_SEARCH_USER_PATHS = NO;
				CLANG_ANALYZER_NONNULL = YES;
				CLANG_ANALYZER_NUMBER_OBJECT_CONVERSION = YES_AGGRESSIVE;
				CLANG_CXX_LANGUAGE_STANDARD = "gnu++14";
				CLANG_CXX_LIBRARY = "libc++";
				CLANG_ENABLE_MODULES = YES;
				CLANG_ENABLE_OBJC_ARC = YES;
				CLANG_WARN_BLOCK_CAPTURE_AUTORELEASING = YES;
				CLANG_WARN_BOOL_CONVERSION = YES;
				CLANG_WARN_COMMA = YES;
				CLANG_WARN_CONSTANT_CONVERSION = YES;
				CLANG_WARN_DIRECT_OBJC_ISA_USAGE = YES_ERROR;
				CLANG_WARN_DOCUMENTATION_COMMENTS = YES;
				CLANG_WARN_EMPTY_BODY = YES;
				CLANG_WARN_ENUM_CONVERSION = YES;
				CLANG_WARN_INFINITE_RECURSION = YES;
				CLANG_WARN_INT_CONVERSION = YES;
				CLANG_WARN_NON_LITERAL_NULL_CONVERSION = YES;
				CLANG_WARN_OBJC_LITERAL_CONVERSION = YES;
				CLANG_WARN_OBJC_ROOT_CLASS = YES_ERROR;
				CLANG_WARN_RANGE_LOOP_ANALYSIS = YES;
				CLANG_WARN_STRICT_PROTOTYPES = YES;
				CLANG_WARN_SUSPICIOUS_MOVE = YES;
				CLANG_WARN_UNGUARDED_AVAILABILITY = YES_AGGRESSIVE;
				CLANG_WARN_UNREACHABLE_CODE = YES;
				CLANG_WARN__DUPLICATE_METHOD_MATCH = YES;
				CODE_SIGN_IDENTITY = "iPhone Developer";
				COPY_PHASE_STRIP = NO;
				DEBUG_INFORMATION_FORMAT = dwarf;
				ENABLE_STRICT_OBJC_MSGSEND = YES;
				ENABLE_TESTABILITY = YES;
				GCC_C_LANGUAGE_STANDARD = gnu11;
				GCC_DYNAMIC_NO_PIC = NO;
				GCC_NO_COMMON_BLOCKS = YES;
				GCC_OPTIMIZATION_LEVEL = 0;
				GCC_PREPROCESSOR_DEFINITIONS = (
					"DEBUG=1",
					"$(inherited)",
				);
				GCC_WARN_64_TO_32_BIT_CONVERSION = YES;
				GCC_WARN_ABOUT_RETURN_TYPE = YES_ERROR;
				GCC_WARN_UNDECLARED_SELECTOR = YES;
				GCC_WARN_UNINITIALIZED_AUTOS = YES_AGGRESSIVE;
				GCC_WARN_UNUSED_FUNCTION = YES;
				GCC_WARN_UNUSED_VARIABLE = YES;
				IPHONEOS_DEPLOYMENT_TARGET = 11.2;
				MTL_ENABLE_DEBUG_INFO = YES;
				ONLY_ACTIVE_ARCH = YES;
				SDKROOT = iphoneos;
				SWIFT_ACTIVE_COMPILATION_CONDITIONS = DEBUG;
				SWIFT_OPTIMIZATION_LEVEL = "-Onone";
			};
			name = Debug;
		};
		D968CEE620031B420091A56A /* Release */ = {
			isa = XCBuildConfiguration;
			buildSettings = {
				ALWAYS_SEARCH_USER_PATHS = NO;
				CLANG_ANALYZER_NONNULL = YES;
				CLANG_ANALYZER_NUMBER_OBJECT_CONVERSION = YES_AGGRESSIVE;
				CLANG_CXX_LANGUAGE_STANDARD = "gnu++14";
				CLANG_CXX_LIBRARY = "libc++";
				CLANG_ENABLE_MODULES = YES;
				CLANG_ENABLE_OBJC_ARC = YES;
				CLANG_WARN_BLOCK_CAPTURE_AUTORELEASING = YES;
				CLANG_WARN_BOOL_CONVERSION = YES;
				CLANG_WARN_COMMA = YES;
				CLANG_WARN_CONSTANT_CONVERSION = YES;
				CLANG_WARN_DIRECT_OBJC_ISA_USAGE = YES_ERROR;
				CLANG_WARN_DOCUMENTATION_COMMENTS = YES;
				CLANG_WARN_EMPTY_BODY = YES;
				CLANG_WARN_ENUM_CONVERSION = YES;
				CLANG_WARN_INFINITE_RECURSION = YES;
				CLANG_WARN_INT_CONVERSION = YES;
				CLANG_WARN_NON_LITERAL_NULL_CONVERSION = YES;
				CLANG_WARN_OBJC_LITERAL_CONVERSION = YES;
				CLANG_WARN_OBJC_ROOT_CLASS = YES_ERROR;
				CLANG_WARN_RANGE_LOOP_ANALYSIS = YES;
				CLANG_WARN_STRICT_PROTOTYPES = YES;
				CLANG_WARN_SUSPICIOUS_MOVE = YES;
				CLANG_WARN_UNGUARDED_AVAILABILITY = YES_AGGRESSIVE;
				CLANG_WARN_UNREACHABLE_CODE = YES;
				CLANG_WARN__DUPLICATE_METHOD_MATCH = YES;
				CODE_SIGN_IDENTITY = "iPhone Developer";
				COPY_PHASE_STRIP = NO;
				DEBUG_INFORMATION_FORMAT = "dwarf-with-dsym";
				ENABLE_NS_ASSERTIONS = NO;
				ENABLE_STRICT_OBJC_MSGSEND = YES;
				GCC_C_LANGUAGE_STANDARD = gnu11;
				GCC_NO_COMMON_BLOCKS = YES;
				GCC_WARN_64_TO_32_BIT_CONVERSION = YES;
				GCC_WARN_ABOUT_RETURN_TYPE = YES_ERROR;
				GCC_WARN_UNDECLARED_SELECTOR = YES;
				GCC_WARN_UNINITIALIZED_AUTOS = YES_AGGRESSIVE;
				GCC_WARN_UNUSED_FUNCTION = YES;
				GCC_WARN_UNUSED_VARIABLE = YES;
				IPHONEOS_DEPLOYMENT_TARGET = 11.2;
				MTL_ENABLE_DEBUG_INFO = NO;
				SDKROOT = iphoneos;
				SWIFT_OPTIMIZATION_LEVEL = "-Owholemodule";
				VALIDATE_PRODUCT = YES;
			};
			name = Release;
		};
		D968CEE820031B420091A56A /* Debug */ = {
			isa = XCBuildConfiguration;
			buildSettings = {
				ASSETCATALOG_COMPILER_APPICON_NAME = AppIcon;
				CODE_SIGN_STYLE = Automatic;
				INFOPLIST_FILE = HSFMacroTool/Info.plist;
				LD_RUNPATH_SEARCH_PATHS = "$(inherited) @executable_path/Frameworks";
				PRODUCT_BUNDLE_IDENTIFIER = HSF.HSFMacroTool;
				PRODUCT_NAME = "$(TARGET_NAME)";
				SWIFT_VERSION = 4.0;
				TARGETED_DEVICE_FAMILY = "1,2";
			};
			name = Debug;
		};
		D968CEE920031B420091A56A /* Release */ = {
			isa = XCBuildConfiguration;
			buildSettings = {
				ASSETCATALOG_COMPILER_APPICON_NAME = AppIcon;
				CODE_SIGN_STYLE = Automatic;
				INFOPLIST_FILE = HSFMacroTool/Info.plist;
				LD_RUNPATH_SEARCH_PATHS = "$(inherited) @executable_path/Frameworks";
				PRODUCT_BUNDLE_IDENTIFIER = HSF.HSFMacroTool;
				PRODUCT_NAME = "$(TARGET_NAME)";
				SWIFT_VERSION = 4.0;
				TARGETED_DEVICE_FAMILY = "1,2";
			};
			name = Release;
		};
/* End XCBuildConfiguration section */

/* Begin XCConfigurationList section */
		D968CED020031B420091A56A /* Build configuration list for PBXProject "HSFMacroTool" */ = {
			isa = XCConfigurationList;
			buildConfigurations = (
				D968CEE520031B420091A56A /* Debug */,
				D968CEE620031B420091A56A /* Release */,
			);
			defaultConfigurationIsVisible = 0;
			defaultConfigurationName = Release;
		};
		D968CEE720031B420091A56A /* Build configuration list for PBXNativeTarget "HSFMacroTool" */ = {
			isa = XCConfigurationList;
			buildConfigurations = (
				D968CEE820031B420091A56A /* Debug */,
				D968CEE920031B420091A56A /* Release */,
			);
			defaultConfigurationIsVisible = 0;
			defaultConfigurationName = Release;
		};
/* End XCConfigurationList section */
	};
	rootObject = D968CECD20031B420091A56A /* Project object */;
}
